PODS:
  - AEXML (4.0.0)
  - Alamofire (4.0.0)

DEPENDENCIES:
  - AEXML (from `https://github.com/tadija/AEXML.git`)
  - Alamofire (from `https://github.com/Alamofire/Alamofire.git`)

EXTERNAL SOURCES:
  AEXML:
    :git: https://github.com/tadija/AEXML.git
  Alamofire:
    :git: https://github.com/Alamofire/Alamofire.git

CHECKOUT OPTIONS:
  AEXML:
    :commit: e352536e48d6cccd67b0853ce2d7b2772370496a
    :git: https://github.com/tadija/AEXML.git
  Alamofire:
    :commit: 0e8d081efc85b103eda7ec5b73183084434e659a
    :git: https://github.com/Alamofire/Alamofire.git

SPEC CHECKSUMS:
  AEXML: 716fb0a8decba4a3517324a71fee3685b30233d2
  Alamofire: 01a82e2f6c0f860ade35534c8dd88be61bdef40c

PODFILE CHECKSUM: df0262df38a8f88183cd124f411296bb6cdb5c94

COCOAPODS: 1.0.1
